
Microsoft Visual Studio Solution File, Format Version 12.00
# Visual Studio Version 16
VisualStudioVersion = 16.0.29709.97
MinimumVisualStudioVersion = 10.0.40219.1
Project("{9A19103F-16F7-4668-BE54-9A1E7A4F7556}") = "Iris", "Iris.csproj", "{6FC05263-E304-4427-AF4B-D0EA197CF627}"
EndProject
Project("{FAE04EC0-301F-11D3-BF4B-00C04F79EFBC}") = "Iris.UnitTest", "..\UnitTest\Iris.UnitTest.csproj", "{8C6B2A7E-4C41-472B-8E35-06B100B0F3B9}"
EndProject
Project("{FAE04EC0-301F-11D3-BF4B-00C04F79EFBC}") = "Iris.IntegrationTest", "..\IntegrationTest\Iris.IntegrationTest.csproj", "{217E3E09-717C-42E2-A16E-06C2306F4B4C}"
EndProject
Global
	GlobalSection(SolutionConfigurationPlatforms) = preSolution
		Debug|Any CPU = Debug|Any CPU
		Release|Any CPU = Release|Any CPU
	EndGlobalSection
	GlobalSection(ProjectConfigurationPlatforms) = postSolution
		{6FC05263-E304-4427-AF4B-D0EA197CF627}.Debug|Any CPU.ActiveCfg = Debug|Any CPU
		{6FC05263-E304-4427-AF4B-D0EA197CF627}.Debug|Any CPU.Build.0 = Debug|Any CPU
		{6FC05263-E304-4427-AF4B-D0EA197CF627}.Release|Any CPU.ActiveCfg = Release|Any CPU
		{6FC05263-E304-4427-AF4B-D0EA197CF627}.Release|Any CPU.Build.0 = Release|Any CPU
		{8C6B2A7E-4C41-472B-8E35-06B100B0F3B9}.Debug|Any CPU.ActiveCfg = Debug|Any CPU
		{8C6B2A7E-4C41-472B-8E35-06B100B0F3B9}.Debug|Any CPU.Build.0 = Debug|Any CPU
		{8C6B2A7E-4C41-472B-8E35-06B100B0F3B9}.Release|Any CPU.ActiveCfg = Release|Any CPU
		{8C6B2A7E-4C41-472B-8E35-06B100B0F3B9}.Release|Any CPU.Build.0 = Release|Any CPU
		{217E3E09-717C-42E2-A16E-06C2306F4B4C}.Debug|Any CPU.ActiveCfg = Debug|Any CPU
		{217E3E09-717C-42E2-A16E-06C2306F4B4C}.Debug|Any CPU.Build.0 = Debug|Any CPU
		{217E3E09-717C-42E2-A16E-06C2306F4B4C}.Release|Any CPU.ActiveCfg = Release|Any CPU
		{217E3E09-717C-42E2-A16E-06C2306F4B4C}.Release|Any CPU.Build.0 = Release|Any CPU
	EndGlobalSection
	GlobalSection(SolutionProperties) = preSolution
		HideSolutionNode = FALSE
	EndGlobalSection
	GlobalSection(ExtensibilityGlobals) = postSolution
		SolutionGuid = {3BCD9D40-40BB-4279-99CF-1917256E042C}
	EndGlobalSection
EndGlobal
